// !$*UTF8*$!
{
	archiveVersion = 1;
	classes = {
	};
	objectVersion = 50;
	objects = {

/* Begin PBXBuildFile section */
		6ED4F1B925C84104000EF479 /* Dog_or_Cat_App.swift in Sources */ = {isa = PBXBuildFile; fileRef = 6ED4F1B825C84104000EF479 /* Dog_or_Cat_App.swift */; };
		6ED4F1BB25C84104000EF479 /* ContentView.swift in Sources */ = {isa = PBXBuildFile; fileRef = 6ED4F1BA25C84104000EF479 /* ContentView.swift */; };
		6ED4F1BD25C84107000EF479 /* Assets.xcassets in Resources */ = {isa = PBXBuildFile; fileRef = 6ED4F1BC25C84107000EF479 /* Assets.xcassets */; };
		6ED4F1C025C84107000EF479 /* Preview Assets.xcassets in Resources */ = {isa = PBXBuildFile; fileRef = 6ED4F1BF25C84107000EF479 /* Preview Assets.xcassets */; };
		6ED4F1CB25C84168000EF479 /* MobileNetV2.mlmodel in Sources */ = {isa = PBXBuildFile; fileRef = 6ED4F1C825C84168000EF479 /* MobileNetV2.mlmodel */; };
		6ED4F1CC25C84168000EF479 /* sample.json in Resources */ = {isa = PBXBuildFile; fileRef = 6ED4F1C925C84168000EF479 /* sample.json */; };
		6ED4F1CD25C84168000EF479 /* Constants.swift in Sources */ = {isa = PBXBuildFile; fileRef = 6ED4F1CA25C84168000EF479 /* Constants.swift */; };
		6ED4F1D125C8434C000EF479 /* Animal.swift in Sources */ = {isa = PBXBuildFile; fileRef = 6ED4F1D025C8434C000EF479 /* Animal.swift */; };
		6ED4F1D425C84638000EF479 /* AnimalModel.swift in Sources */ = {isa = PBXBuildFile; fileRef = 6ED4F1D325C84638000EF479 /* AnimalModel.swift */; };
		6ED4F1D725C92E78000EF479 /* CatorDog 1.mlmodel in Sources */ = {isa = PBXBuildFile; fileRef = 6ED4F1D625C92E78000EF479 /* CatorDog 1.mlmodel */; };
		6ED4F1DA25C92FA0000EF479 /* ProgressBar.swift in Sources */ = {isa = PBXBuildFile; fileRef = 6ED4F1D925C92FA0000EF479 /* ProgressBar.swift */; };
		6ED4F1DD25C93397000EF479 /* AnimalRow.swift in Sources */ = {isa = PBXBuildFile; fileRef = 6ED4F1DC25C93397000EF479 /* AnimalRow.swift */; };
/* End PBXBuildFile section */

/* Begin PBXFileReference section */
		6ED4F1B525C84104000EF479 /* Dog or Cat?.app */ = {isa = PBXFileReference; explicitFileType = wrapper.application; includeInIndex = 0; path = "Dog or Cat?.app"; sourceTree = BUILT_PRODUCTS_DIR; };
		6ED4F1B825C84104000EF479 /* Dog_or_Cat_App.swift */ = {isa = PBXFileReference; lastKnownFileType = sourcecode.swift; path = Dog_or_Cat_App.swift; sourceTree = "<group>"; };
		6ED4F1BA25C84104000EF479 /* ContentView.swift */ = {isa = PBXFileReference; lastKnownFileType = sourcecode.swift; path = ContentView.swift; sourceTree = "<group>"; };
		6ED4F1BC25C84107000EF479 /* Assets.xcassets */ = {isa = PBXFileReference; lastKnownFileType = folder.assetcatalog; path = Assets.xcassets; sourceTree = "<group>"; };
		6ED4F1BF25C84107000EF479 /* Preview Assets.xcassets */ = {isa = PBXFileReference; lastKnownFileType = folder.assetcatalog; path = "Preview Assets.xcassets"; sourceTree = "<group>"; };
		6ED4F1C125C84107000EF479 /* Info.plist */ = {isa = PBXFileReference; lastKnownFileType = text.plist.xml; path = Info.plist; sourceTree = "<group>"; };
		6ED4F1C825C84168000EF479 /* MobileNetV2.mlmodel */ = {isa = PBXFileReference; lastKnownFileType = file.mlmodel; path = MobileNetV2.mlmodel; sourceTree = "<group>"; };
		6ED4F1C925C84168000EF479 /* sample.json */ = {isa = PBXFileReference; fileEncoding = 4; lastKnownFileType = text.json; path = sample.json; sourceTree = "<group>"; };
		6ED4F1CA25C84168000EF479 /* Constants.swift */ = {isa = PBXFileReference; fileEncoding = 4; lastKnownFileType = sourcecode.swift; path = Constants.swift; sourceTree = "<group>"; };
		6ED4F1D025C8434C000EF479 /* Animal.swift */ = {isa = PBXFileReference; lastKnownFileType = sourcecode.swift; path = Animal.swift; sourceTree = "<group>"; };
		6ED4F1D325C84638000EF479 /* AnimalModel.swift */ = {isa = PBXFileReference; lastKnownFileType = sourcecode.swift; path = AnimalModel.swift; sourceTree = "<group>"; };
		6ED4F1D625C92E78000EF479 /* CatorDog 1.mlmodel */ = {isa = PBXFileReference; lastKnownFileType = file.mlmodel; path = "CatorDog 1.mlmodel"; sourceTree = "<group>"; };
		6ED4F1D925C92FA0000EF479 /* ProgressBar.swift */ = {isa = PBXFileReference; lastKnownFileType = sourcecode.swift; path = ProgressBar.swift; sourceTree = "<group>"; };
		6ED4F1DC25C93397000EF479 /* AnimalRow.swift */ = {isa = PBXFileReference; lastKnownFileType = sourcecode.swift; path = AnimalRow.swift; sourceTree = "<group>"; };
/* End PBXFileReference section */

/* Begin PBXFrameworksBuildPhase section */
		6ED4F1B225C84104000EF479 /* Frameworks */ = {
			isa = PBXFrameworksBuildPhase;
			buildActionMask = 2147483647;
			files = (
			);
			runOnlyForDeploymentPostprocessing = 0;
		};
/* End PBXFrameworksBuildPhase section */

/* Begin PBXGroup section */
		6ED4F1AC25C84104000EF479 = {
			isa = PBXGroup;
			children = (
				6ED4F1B725C84104000EF479 /* Dog or Cat? */,
				6ED4F1B625C84104000EF479 /* Products */,
			);
			sourceTree = "<group>";
		};
		6ED4F1B625C84104000EF479 /* Products */ = {
			isa = PBXGroup;
			children = (
				6ED4F1B525C84104000EF479 /* Dog or Cat?.app */,
			);
			name = Products;
			sourceTree = "<group>";
		};
		6ED4F1B725C84104000EF479 /* Dog or Cat? */ = {
			isa = PBXGroup;
			children = (
				6ED4F1B825C84104000EF479 /* Dog_or_Cat_App.swift */,
				6ED4F1BA25C84104000EF479 /* ContentView.swift */,
				6ED4F1CA25C84168000EF479 /* Constants.swift */,
				6ED4F1C825C84168000EF479 /* MobileNetV2.mlmodel */,
				6ED4F1C925C84168000EF479 /* sample.json */,
				6ED4F1D025C8434C000EF479 /* Animal.swift */,
				6ED4F1D925C92FA0000EF479 /* ProgressBar.swift */,
				6ED4F1DC25C93397000EF479 /* AnimalRow.swift */,
				6ED4F1D325C84638000EF479 /* AnimalModel.swift */,
				6ED4F1D625C92E78000EF479 /* CatorDog 1.mlmodel */,
				6ED4F1BC25C84107000EF479 /* Assets.xcassets */,
				6ED4F1C125C84107000EF479 /* Info.plist */,
				6ED4F1BE25C84107000EF479 /* Preview Content */,
			);
			path = "Dog or Cat?";
			sourceTree = "<group>";
		};
		6ED4F1BE25C84107000EF479 /* Preview Content */ = {
			isa = PBXGroup;
			children = (
				6ED4F1BF25C84107000EF479 /* Preview Assets.xcassets */,
			);
			path = "Preview Content";
			sourceTree = "<group>";
		};
/* End PBXGroup section */

/* Begin PBXNativeTarget section */
		6ED4F1B425C84104000EF479 /* Dog or Cat? */ = {
			isa = PBXNativeTarget;
			buildConfigurationList = 6ED4F1C425C84107000EF479 /* Build configuration list for PBXNativeTarget "Dog or Cat?" */;
			buildPhases = (
				6ED4F1B125C84104000EF479 /* Sources */,
				6ED4F1B225C84104000EF479 /* Frameworks */,
				6ED4F1B325C84104000EF479 /* Resources */,
			);
			buildRules = (
			);
			dependencies = (
			);
			name = "Dog or Cat?";
			productName = "Dog or Cat?";
			productReference = 6ED4F1B525C84104000EF479 /* Dog or Cat?.app */;
			productType = "com.apple.product-type.application";
		};
/* End PBXNativeTarget section */

/* Begin PBXProject section */
		6ED4F1AD25C84104000EF479 /* Project object */ = {
			isa = PBXProject;
			attributes = {
				LastSwiftUpdateCheck = 1240;
				LastUpgradeCheck = 1240;
				TargetAttributes = {
					6ED4F1B425C84104000EF479 = {
						CreatedOnToolsVersion = 12.4;
					};
				};
			};
			buildConfigurationList = 6ED4F1B025C84104000EF479 /* Build configuration list for PBXProject "Dog or Cat?" */;
			compatibilityVersion = "Xcode 9.3";
			developmentRegion = en;
			hasScannedForEncodings = 0;
			knownRegions = (
				en,
				Base,
			);
			mainGroup = 6ED4F1AC25C84104000EF479;
			productRefGroup = 6ED4F1B625C84104000EF479 /* Products */;
			projectDirPath = "";
			projectRoot = "";
			targets = (
				6ED4F1B425C84104000EF479 /* Dog or Cat? */,
			);
		};
/* End PBXProject section */

/* Begin PBXResourcesBuildPhase section */
		6ED4F1B325C84104000EF479 /* Resources */ = {
			isa = PBXResourcesBuildPhase;
			buildActionMask = 2147483647;
			files = (
				6ED4F1C025C84107000EF479 /* Preview Assets.xcassets in Resources */,
				6ED4F1BD25C84107000EF479 /* Assets.xcassets in Resources */,
				6ED4F1CC25C84168000EF479 /* sample.json in Resources */,
			);
			runOnlyForDeploymentPostprocessing = 0;
		};
/* End PBXResourcesBuildPhase section */

/* Begin PBXSourcesBuildPhase section */
		6ED4F1B125C84104000EF479 /* Sources */ = {
			isa = PBXSourcesBuildPhase;
			buildActionMask = 2147483647;
			files = (
				6ED4F1CB25C84168000EF479 /* MobileNetV2.mlmodel in Sources */,
				6ED4F1D425C84638000EF479 /* AnimalModel.swift in Sources */,
				6ED4F1BB25C84104000EF479 /* ContentView.swift in Sources */,
				6ED4F1B925C84104000EF479 /* Dog_or_Cat_App.swift in Sources */,
				6ED4F1DD25C93397000EF479 /* AnimalRow.swift in Sources */,
				6ED4F1CD25C84168000EF479 /* Constants.swift in Sources */,
				6ED4F1D725C92E78000EF479 /* CatorDog 1.mlmodel in Sources */,
				6ED4F1DA25C92FA0000EF479 /* ProgressBar.swift in Sources */,
				6ED4F1D125C8434C000EF479 /* Animal.swift in Sources */,
			);
			runOnlyForDeploymentPostprocessing = 0;
		};
/* End PBXSourcesBuildPhase section */

/* Begin XCBuildConfiguration section */
		6ED4F1C225C84107000EF479 /* Debug */ = {
			isa = XCBuildConfiguration;
			buildSettings = {
				ALWAYS_SEARCH_USER_PATHS = NO;
				CLANG_ANALYZER_NONNULL = YES;
				CLANG_ANALYZER_NUMBER_OBJECT_CONVERSION = YES_AGGRESSIVE;
				CLANG_CXX_LANGUAGE_STANDARD = "gnu++14";
				CLANG_CXX_LIBRARY = "libc++";
				CLANG_ENABLE_MODULES = YES;
				CLANG_ENABLE_OBJC_ARC = YES;
				CLANG_ENABLE_OBJC_WEAK = YES;
				CLANG_WARN_BLOCK_CAPTURE_AUTORELEASING = YES;
				CLANG_WARN_BOOL_CONVERSION = YES;
				CLANG_WARN_COMMA = YES;
				CLANG_WARN_CONSTANT_CONVERSION = YES;
				CLANG_WARN_DEPRECATED_OBJC_IMPLEMENTATIONS = YES;
				CLANG_WARN_DIRECT_OBJC_ISA_USAGE = YES_ERROR;
				CLANG_WARN_DOCUMENTATION_COMMENTS = YES;
				CLANG_WARN_EMPTY_BODY = YES;
				CLANG_WARN_ENUM_CONVERSION = YES;
				CLANG_WARN_INFINITE_RECURSION = YES;
				CLANG_WARN_INT_CONVERSION = YES;
				CLANG_WARN_NON_LITERAL_NULL_CONVERSION = YES;
				CLANG_WARN_OBJC_IMPLICIT_RETAIN_SELF = YES;
				CLANG_WARN_OBJC_LITERAL_CONVERSION = YES;
				CLANG_WARN_OBJC_ROOT_CLASS = YES_ERROR;
				CLANG_WARN_QUOTED_INCLUDE_IN_FRAMEWORK_HEADER = YES;
				CLANG_WARN_RANGE_LOOP_ANALYSIS = YES;
				CLANG_WARN_STRICT_PROTOTYPES = YES;
				CLANG_WARN_SUSPICIOUS_MOVE = YES;
				CLANG_WARN_UNGUARDED_AVAILABILITY = YES_AGGRESSIVE;
				CLANG_WARN_UNREACHABLE_CODE = YES;
				CLANG_WARN__DUPLICATE_METHOD_MATCH = YES;
				COPY_PHASE_STRIP = NO;
				DEBUG_INFORMATION_FORMAT = dwarf;
				ENABLE_STRICT_OBJC_MSGSEND = YES;
				ENABLE_TESTABILITY = YES;
				GCC_C_LANGUAGE_STANDARD = gnu11;
				GCC_DYNAMIC_NO_PIC = NO;
				GCC_NO_COMMON_BLOCKS = YES;
				GCC_OPTIMIZATION_LEVEL = 0;
				GCC_PREPROCESSOR_DEFINITIONS = (
					"DEBUG=1",
					"$(inherited)",
				);
				GCC_WARN_64_TO_32_BIT_CONVERSION = YES;
				GCC_WARN_ABOUT_RETURN_TYPE = YES_ERROR;
				GCC_WARN_UNDECLARED_SELECTOR = YES;
				GCC_WARN_UNINITIALIZED_AUTOS = YES_AGGRESSIVE;
				GCC_WARN_UNUSED_FUNCTION = YES;
				GCC_WARN_UNUSED_VARIABLE = YES;
				IPHONEOS_DEPLOYMENT_TARGET = 14.4;
				MTL_ENABLE_DEBUG_INFO = INCLUDE_SOURCE;
				MTL_FAST_MATH = YES;
				ONLY_ACTIVE_ARCH = YES;
				SDKROOT = iphoneos;
				SWIFT_ACTIVE_COMPILATION_CONDITIONS = DEBUG;
				SWIFT_OPTIMIZATION_LEVEL = "-Onone";
			};
			name = Debug;
		};
		6ED4F1C325C84107000EF479 /* Release */ = {
			isa = XCBuildConfiguration;
			buildSettings = {
				ALWAYS_SEARCH_USER_PATHS = NO;
				CLANG_ANALYZER_NONNULL = YES;
				CLANG_ANALYZER_NUMBER_OBJECT_CONVERSION = YES_AGGRESSIVE;
				CLANG_CXX_LANGUAGE_STANDARD = "gnu++14";
				CLANG_CXX_LIBRARY = "libc++";
				CLANG_ENABLE_MODULES = YES;
				CLANG_ENABLE_OBJC_ARC = YES;
				CLANG_ENABLE_OBJC_WEAK = YES;
				CLANG_WARN_BLOCK_CAPTURE_AUTORELEASING = YES;
				CLANG_WARN_BOOL_CONVERSION = YES;
				CLANG_WARN_COMMA = YES;
				CLANG_WARN_CONSTANT_CONVERSION = YES;
				CLANG_WARN_DEPRECATED_OBJC_IMPLEMENTATIONS = YES;
				CLANG_WARN_DIRECT_OBJC_ISA_USAGE = YES_ERROR;
				CLANG_WARN_DOCUMENTATION_COMMENTS = YES;
				CLANG_WARN_EMPTY_BODY = YES;
				CLANG_WARN_ENUM_CONVERSION = YES;
				CLANG_WARN_INFINITE_RECURSION = YES;
				CLANG_WARN_INT_CONVERSION = YES;
				CLANG_WARN_NON_LITERAL_NULL_CONVERSION = YES;
				CLANG_WARN_OBJC_IMPLICIT_RETAIN_SELF = YES;
				CLANG_WARN_OBJC_LITERAL_CONVERSION = YES;
				CLANG_WARN_OBJC_ROOT_CLASS = YES_ERROR;
				CLANG_WARN_QUOTED_INCLUDE_IN_FRAMEWORK_HEADER = YES;
				CLANG_WARN_RANGE_LOOP_ANALYSIS = YES;
				CLANG_WARN_STRICT_PROTOTYPES = YES;
				CLANG_WARN_SUSPICIOUS_MOVE = YES;
				CLANG_WARN_UNGUARDED_AVAILABILITY = YES_AGGRESSIVE;
				CLANG_WARN_UNREACHABLE_CODE = YES;
				CLANG_WARN__DUPLICATE_METHOD_MATCH = YES;
				COPY_PHASE_STRIP = NO;
				DEBUG_INFORMATION_FORMAT = "dwarf-with-dsym";
				ENABLE_NS_ASSERTIONS = NO;
				ENABLE_STRICT_OBJC_MSGSEND = YES;
				GCC_C_LANGUAGE_STANDARD = gnu11;
				GCC_NO_COMMON_BLOCKS = YES;
				GCC_WARN_64_TO_32_BIT_CONVERSION = YES;
				GCC_WARN_ABOUT_RETURN_TYPE = YES_ERROR;
				GCC_WARN_UNDECLARED_SELECTOR = YES;
				GCC_WARN_UNINITIALIZED_AUTOS = YES_AGGRESSIVE;
				GCC_WARN_UNUSED_FUNCTION = YES;
				GCC_WARN_UNUSED_VARIABLE = YES;
				IPHONEOS_DEPLOYMENT_TARGET = 14.4;
				MTL_ENABLE_DEBUG_INFO = NO;
				MTL_FAST_MATH = YES;
				SDKROOT = iphoneos;
				SWIFT_COMPILATION_MODE = wholemodule;
				SWIFT_OPTIMIZATION_LEVEL = "-O";
				VALIDATE_PRODUCT = YES;
			};
			name = Release;
		};
		6ED4F1C525C84107000EF479 /* Debug */ = {
			isa = XCBuildConfiguration;
			buildSettings = {
				ASSETCATALOG_COMPILER_APPICON_NAME = AppIcon;
				ASSETCATALOG_COMPILER_GLOBAL_ACCENT_COLOR_NAME = AccentColor;
				CODE_SIGN_STYLE = Automatic;
				DEVELOPMENT_ASSET_PATHS = "\"Dog or Cat?/Preview Content\"";
				DEVELOPMENT_TEAM = K6VF4QD58N;
				ENABLE_PREVIEWS = YES;
				INFOPLIST_FILE = "Dog or Cat?/Info.plist";
				IPHONEOS_DEPLOYMENT_TARGET = 14.0;
				LD_RUNPATH_SEARCH_PATHS = (
					"$(inherited)",
					"@executable_path/Frameworks",
				);
				PRODUCT_BUNDLE_IDENTIFIER = "com.henrycoleman.Dog-or-Cat-";
				PRODUCT_NAME = "$(TARGET_NAME)";
				SWIFT_VERSION = 5.0;
				TARGETED_DEVICE_FAMILY = "1,2";
			};
			name = Debug;
		};
		6ED4F1C625C84107000EF479 /* Release */ = {
			isa = XCBuildConfiguration;
			buildSettings = {
				ASSETCATALOG_COMPILER_APPICON_NAME = AppIcon;
				ASSETCATALOG_COMPILER_GLOBAL_ACCENT_COLOR_NAME = AccentColor;
				CODE_SIGN_STYLE = Automatic;
				DEVELOPMENT_ASSET_PATHS = "\"Dog or Cat?/Preview Content\"";
				DEVELOPMENT_TEAM = K6VF4QD58N;
				ENABLE_PREVIEWS = YES;
				INFOPLIST_FILE = "Dog or Cat?/Info.plist";
				IPHONEOS_DEPLOYMENT_TARGET = 14.0;
				LD_RUNPATH_SEARCH_PATHS = (
					"$(inherited)",
					"@executable_path/Frameworks",
				);
				PRODUCT_BUNDLE_IDENTIFIER = "com.henrycoleman.Dog-or-Cat-";
				PRODUCT_NAME = "$(TARGET_NAME)";
				SWIFT_VERSION = 5.0;
				TARGETED_DEVICE_FAMILY = "1,2";
			};
			name = Release;
		};
/* End XCBuildConfiguration section */

/* Begin XCConfigurationList section */
		6ED4F1B025C84104000EF479 /* Build configuration list for PBXProject "Dog or Cat?" */ = {
			isa = XCConfigurationList;
			buildConfigurations = (
				6ED4F1C225C84107000EF479 /* Debug */,
				6ED4F1C325C84107000EF479 /* Release */,
			);
			defaultConfigurationIsVisible = 0;
			defaultConfigurationName = Release;
		};
		6ED4F1C425C84107000EF479 /* Build configuration list for PBXNativeTarget "Dog or Cat?" */ = {
			isa = XCConfigurationList;
			buildConfigurations = (
				6ED4F1C525C84107000EF479 /* Debug */,
				6ED4F1C625C84107000EF479 /* Release */,
			);
			defaultConfigurationIsVisible = 0;
			defaultConfigurationName = Release;
		};
/* End XCConfigurationList section */
	};
	rootObject = 6ED4F1AD25C84104000EF479 /* Project object */;
}
